
Microsoft Visual Studio Solution File, Format Version 12.00
# Visual Studio Version 16
VisualStudioVersion = 16.0.31729.503
MinimumVisualStudioVersion = 10.0.40219.1
Project("{FAE04EC0-301F-11D3-BF4B-00C04F79EFBC}") = "WpfHello", "WpfHello\WpfHello.csproj", "{26E7BE68-7876-4760-9BC2-E041DF1B1133}"
EndProject
Project("{FAE04EC0-301F-11D3-BF4B-00C04F79EFBC}") = "WpfHelloNav", "WpfHelloNav\WpfHelloNav.csproj", "{A6807253-5368-4FDE-B38A-B8F7D22FB35D}"
EndProject
Project("{FAE04EC0-301F-11D3-BF4B-00C04F79EFBC}") = "ITMO.CSharpWPF.DataBase", "ITMO.CSharpWPF.DataBase\ITMO.CSharpWPF.DataBase.csproj", "{3B60F6C2-16FD-4FE5-9C97-210F3BC6406F}"
EndProject
Project("{FAE04EC0-301F-11D3-BF4B-00C04F79EFBC}") = "WpfRoutedEvent_2_1", "WpfRoutedEvent_2_1\WpfRoutedEvent_2_1.csproj", "{D0683BED-7D64-4CC7-BF09-A028A28CEBD4}"
EndProject
Project("{FAE04EC0-301F-11D3-BF4B-00C04F79EFBC}") = "WpfRoutedEvent_2_2", "WpfRoutedEvent_2_2\WpfRoutedEvent_2_2.csproj", "{21049DBD-3684-4CE8-A475-B44CD7D95C72}"
EndProject
Global
	GlobalSection(SolutionConfigurationPlatforms) = preSolution
		Debug|Any CPU = Debug|Any CPU
		Release|Any CPU = Release|Any CPU
	EndGlobalSection
	GlobalSection(ProjectConfigurationPlatforms) = postSolution
		{26E7BE68-7876-4760-9BC2-E041DF1B1133}.Debug|Any CPU.ActiveCfg = Debug|Any CPU
		{26E7BE68-7876-4760-9BC2-E041DF1B1133}.Debug|Any CPU.Build.0 = Debug|Any CPU
		{26E7BE68-7876-4760-9BC2-E041DF1B1133}.Release|Any CPU.ActiveCfg = Release|Any CPU
		{26E7BE68-7876-4760-9BC2-E041DF1B1133}.Release|Any CPU.Build.0 = Release|Any CPU
		{A6807253-5368-4FDE-B38A-B8F7D22FB35D}.Debug|Any CPU.ActiveCfg = Debug|Any CPU
		{A6807253-5368-4FDE-B38A-B8F7D22FB35D}.Debug|Any CPU.Build.0 = Debug|Any CPU
		{A6807253-5368-4FDE-B38A-B8F7D22FB35D}.Release|Any CPU.ActiveCfg = Release|Any CPU
		{A6807253-5368-4FDE-B38A-B8F7D22FB35D}.Release|Any CPU.Build.0 = Release|Any CPU
		{3B60F6C2-16FD-4FE5-9C97-210F3BC6406F}.Debug|Any CPU.ActiveCfg = Debug|Any CPU
		{3B60F6C2-16FD-4FE5-9C97-210F3BC6406F}.Debug|Any CPU.Build.0 = Debug|Any CPU
		{3B60F6C2-16FD-4FE5-9C97-210F3BC6406F}.Release|Any CPU.ActiveCfg = Release|Any CPU
		{3B60F6C2-16FD-4FE5-9C97-210F3BC6406F}.Release|Any CPU.Build.0 = Release|Any CPU
		{D0683BED-7D64-4CC7-BF09-A028A28CEBD4}.Debug|Any CPU.ActiveCfg = Debug|Any CPU
		{D0683BED-7D64-4CC7-BF09-A028A28CEBD4}.Debug|Any CPU.Build.0 = Debug|Any CPU
		{D0683BED-7D64-4CC7-BF09-A028A28CEBD4}.Release|Any CPU.ActiveCfg = Release|Any CPU
		{D0683BED-7D64-4CC7-BF09-A028A28CEBD4}.Release|Any CPU.Build.0 = Release|Any CPU
		{21049DBD-3684-4CE8-A475-B44CD7D95C72}.Debug|Any CPU.ActiveCfg = Debug|Any CPU
		{21049DBD-3684-4CE8-A475-B44CD7D95C72}.Debug|Any CPU.Build.0 = Debug|Any CPU
		{21049DBD-3684-4CE8-A475-B44CD7D95C72}.Release|Any CPU.ActiveCfg = Release|Any CPU
		{21049DBD-3684-4CE8-A475-B44CD7D95C72}.Release|Any CPU.Build.0 = Release|Any CPU
	EndGlobalSection
	GlobalSection(SolutionProperties) = preSolution
		HideSolutionNode = FALSE
	EndGlobalSection
	GlobalSection(ExtensibilityGlobals) = postSolution
		SolutionGuid = {6A570FDE-7D1D-45FF-AB65-6917386FFE3C}
	EndGlobalSection
EndGlobal
